
Microsoft Visual Studio Solution File, Format Version 12.00
# Visual Studio 2013
Project("{FAE04EC0-301F-11D3-BF4B-00C04F79EFBC}") = "ADV", "ADV\ADV.csproj", "{3f7b5359-3c4a-4497-8db8-311bb2e748e1}"
EndProject
Global
	GlobalSection(SolutionConfigurationPlatforms) = preSolution
		Debug|Any CPU = Debug|Any CPU
		Release|Any CPU = Release|Any CPU
	EndGlobalSection
	GlobalSection(ProjectConfigurationPlatforms) = postSolution
		{3F7B5359-3C4A-4497-8DB8-311BB2E748E1}.Debug|Any CPU.ActiveCfg = Debug|Any CPU
		{3F7B5359-3C4A-4497-8DB8-311BB2E748E1}.Debug|Any CPU.Build.0 = Debug|Any CPU
		{3F7B5359-3C4A-4497-8DB8-311BB2E748E1}.Release|Any CPU.ActiveCfg = Release|Any CPU
		{3F7B5359-3C4A-4497-8DB8-311BB2E748E1}.Release|Any CPU.Build.0 = Release|Any CPU
	EndGlobalSection
EndGlobal
